
Microsoft Visual Studio Solution File, Format Version 12.00
# Visual Studio Version 16
VisualStudioVersion = 16.0.31829.152
MinimumVisualStudioVersion = 10.0.40219.1
Project("{FAE04EC0-301F-11D3-BF4B-00C04F79EFBC}") = "Wpf_Lesson4_4", "Wpf_Lesson4_4\Wpf_Lesson4_4.csproj", "{0A302DEF-122B-45B8-B5CB-AE62F1E81646}"
EndProject
Global
	GlobalSection(SolutionConfigurationPlatforms) = preSolution
		Debug|Any CPU = Debug|Any CPU
		Release|Any CPU = Release|Any CPU
	EndGlobalSection
	GlobalSection(ProjectConfigurationPlatforms) = postSolution
		{0A302DEF-122B-45B8-B5CB-AE62F1E81646}.Debug|Any CPU.ActiveCfg = Debug|Any CPU
		{0A302DEF-122B-45B8-B5CB-AE62F1E81646}.Debug|Any CPU.Build.0 = Debug|Any CPU
		{0A302DEF-122B-45B8-B5CB-AE62F1E81646}.Release|Any CPU.ActiveCfg = Release|Any CPU
		{0A302DEF-122B-45B8-B5CB-AE62F1E81646}.Release|Any CPU.Build.0 = Release|Any CPU
	EndGlobalSection
	GlobalSection(SolutionProperties) = preSolution
		HideSolutionNode = FALSE
	EndGlobalSection
	GlobalSection(ExtensibilityGlobals) = postSolution
		SolutionGuid = {A48AA359-651E-4C40-8E9F-9203FE380528}
	EndGlobalSection
EndGlobal
